PODS:
  - ContextHub (1.0.1)

DEPENDENCIES:
  - ContextHub (from `git@github.com:contexthub/contexthub-ios-sdk.git`, branch `dev`)

EXTERNAL SOURCES:
  ContextHub:
    :branch: dev
    :git: git@github.com:contexthub/contexthub-ios-sdk.git

SPEC CHECKSUMS:
  ContextHub: 01fc9e076ec4b485f3223e1af885f5cf08e9cd16

COCOAPODS: 0.32.1
